
Microsoft Visual Studio Solution File, Format Version 12.00
# Visual Studio Version 17
VisualStudioVersion = 17.3.32811.315
MinimumVisualStudioVersion = 10.0.40219.1
Project("{9A19103F-16F7-4668-BE54-9A1E7A4F7556}") = "PointOfSale", "PointOfSale.csproj", "{2BBDEF6F-E1F0-4B83-B2DD-344197EC9733}"
EndProject
Project("{2150E333-8FDC-42A3-9474-1A3956D46DE8}") = "Entities", "Entities", "{F5BD6047-5EBF-4919-9415-B0A723F0E073}"
EndProject
Project("{9A19103F-16F7-4668-BE54-9A1E7A4F7556}") = "Entities", "..\Entities\Entities.csproj", "{FDC42573-9D72-40DA-8256-3B91D4FC1A89}"
EndProject
Project("{2150E333-8FDC-42A3-9474-1A3956D46DE8}") = "Repositories", "Repositories", "{9B1E235F-F347-446C-AD84-FF2114F68520}"
EndProject
Project("{9A19103F-16F7-4668-BE54-9A1E7A4F7556}") = "Repositories", "..\Repositories\Repositories.csproj", "{00086C6F-A0C2-4EB1-9A1A-054E939EB246}"
EndProject
Project("{2150E333-8FDC-42A3-9474-1A3956D46DE8}") = "ViewModels", "ViewModels", "{DCB51FB0-30AB-4250-AA9D-63413C0115C1}"
EndProject
Project("{9A19103F-16F7-4668-BE54-9A1E7A4F7556}") = "ViewModels", "..\ViewModels\ViewModels.csproj", "{7FEBAB45-312A-4243-B8CF-5B1B36F0C59E}"
EndProject
Project("{2150E333-8FDC-42A3-9474-1A3956D46DE8}") = "Services", "Services", "{D07D52B9-528F-497D-BDA3-CBECE9AA238F}"
EndProject
Project("{9A19103F-16F7-4668-BE54-9A1E7A4F7556}") = "Services", "..\Services\Services.csproj", "{3912FAB7-F111-4816-9586-07235E688357}"
EndProject
Global
	GlobalSection(SolutionConfigurationPlatforms) = preSolution
		Debug|Any CPU = Debug|Any CPU
		Release|Any CPU = Release|Any CPU
	EndGlobalSection
	GlobalSection(ProjectConfigurationPlatforms) = postSolution
		{2BBDEF6F-E1F0-4B83-B2DD-344197EC9733}.Debug|Any CPU.ActiveCfg = Debug|Any CPU
		{2BBDEF6F-E1F0-4B83-B2DD-344197EC9733}.Debug|Any CPU.Build.0 = Debug|Any CPU
		{2BBDEF6F-E1F0-4B83-B2DD-344197EC9733}.Release|Any CPU.ActiveCfg = Release|Any CPU
		{2BBDEF6F-E1F0-4B83-B2DD-344197EC9733}.Release|Any CPU.Build.0 = Release|Any CPU
		{FDC42573-9D72-40DA-8256-3B91D4FC1A89}.Debug|Any CPU.ActiveCfg = Debug|Any CPU
		{FDC42573-9D72-40DA-8256-3B91D4FC1A89}.Debug|Any CPU.Build.0 = Debug|Any CPU
		{FDC42573-9D72-40DA-8256-3B91D4FC1A89}.Release|Any CPU.ActiveCfg = Release|Any CPU
		{FDC42573-9D72-40DA-8256-3B91D4FC1A89}.Release|Any CPU.Build.0 = Release|Any CPU
		{00086C6F-A0C2-4EB1-9A1A-054E939EB246}.Debug|Any CPU.ActiveCfg = Debug|Any CPU
		{00086C6F-A0C2-4EB1-9A1A-054E939EB246}.Debug|Any CPU.Build.0 = Debug|Any CPU
		{00086C6F-A0C2-4EB1-9A1A-054E939EB246}.Release|Any CPU.ActiveCfg = Release|Any CPU
		{00086C6F-A0C2-4EB1-9A1A-054E939EB246}.Release|Any CPU.Build.0 = Release|Any CPU
		{7FEBAB45-312A-4243-B8CF-5B1B36F0C59E}.Debug|Any CPU.ActiveCfg = Debug|Any CPU
		{7FEBAB45-312A-4243-B8CF-5B1B36F0C59E}.Debug|Any CPU.Build.0 = Debug|Any CPU
		{7FEBAB45-312A-4243-B8CF-5B1B36F0C59E}.Release|Any CPU.ActiveCfg = Release|Any CPU
		{7FEBAB45-312A-4243-B8CF-5B1B36F0C59E}.Release|Any CPU.Build.0 = Release|Any CPU
		{3912FAB7-F111-4816-9586-07235E688357}.Debug|Any CPU.ActiveCfg = Debug|Any CPU
		{3912FAB7-F111-4816-9586-07235E688357}.Debug|Any CPU.Build.0 = Debug|Any CPU
		{3912FAB7-F111-4816-9586-07235E688357}.Release|Any CPU.ActiveCfg = Release|Any CPU
		{3912FAB7-F111-4816-9586-07235E688357}.Release|Any CPU.Build.0 = Release|Any CPU
	EndGlobalSection
	GlobalSection(SolutionProperties) = preSolution
		HideSolutionNode = FALSE
	EndGlobalSection
	GlobalSection(NestedProjects) = preSolution
		{FDC42573-9D72-40DA-8256-3B91D4FC1A89} = {F5BD6047-5EBF-4919-9415-B0A723F0E073}
		{00086C6F-A0C2-4EB1-9A1A-054E939EB246} = {9B1E235F-F347-446C-AD84-FF2114F68520}
		{7FEBAB45-312A-4243-B8CF-5B1B36F0C59E} = {DCB51FB0-30AB-4250-AA9D-63413C0115C1}
		{3912FAB7-F111-4816-9586-07235E688357} = {D07D52B9-528F-497D-BDA3-CBECE9AA238F}
	EndGlobalSection
	GlobalSection(ExtensibilityGlobals) = postSolution
		SolutionGuid = {EEE9DC03-01AF-44C8-8588-CD9AA31F20E1}
	EndGlobalSection
EndGlobal
